
Microsoft Visual Studio Solution File, Format Version 12.00
# Visual Studio Version 17
VisualStudioVersion = 17.7.34024.191
MinimumVisualStudioVersion = 10.0.40219.1
Project("{FAE04EC0-301F-11D3-BF4B-00C04F79EFBC}") = "learningtilemap", "learningtilemap\learningtilemap.csproj", "{7501F9EE-0FB0-4AC9-B34A-56B52AC8139C}"
EndProject
Global
	GlobalSection(SolutionConfigurationPlatforms) = preSolution
		Debug|Any CPU = Debug|Any CPU
		Release|Any CPU = Release|Any CPU
	EndGlobalSection
	GlobalSection(ProjectConfigurationPlatforms) = postSolution
		{7501F9EE-0FB0-4AC9-B34A-56B52AC8139C}.Debug|Any CPU.ActiveCfg = Debug|Any CPU
		{7501F9EE-0FB0-4AC9-B34A-56B52AC8139C}.Debug|Any CPU.Build.0 = Debug|Any CPU
		{7501F9EE-0FB0-4AC9-B34A-56B52AC8139C}.Release|Any CPU.ActiveCfg = Release|Any CPU
		{7501F9EE-0FB0-4AC9-B34A-56B52AC8139C}.Release|Any CPU.Build.0 = Release|Any CPU
	EndGlobalSection
	GlobalSection(SolutionProperties) = preSolution
		HideSolutionNode = FALSE
	EndGlobalSection
	GlobalSection(ExtensibilityGlobals) = postSolution
		SolutionGuid = {7CD214C9-9C95-4252-AD32-F83C42EBC25F}
	EndGlobalSection
EndGlobal
